// !$*UTF8*$!
{
	archiveVersion = 1;
	classes = {
	};
	objectVersion = 50;
	objects = {

/* Begin PBXBuildFile section */
		528DF3BA26037B4100411F61 /* main.cpp in Sources */ = {isa = PBXBuildFile; fileRef = 528DF3B926037B4100411F61 /* main.cpp */; };
		528DF3C326037B5200411F61 /* Date.cpp in Sources */ = {isa = PBXBuildFile; fileRef = 528DF3C226037B5200411F61 /* Date.cpp */; };
		528DF3D3260396B000411F61 /* Person.cpp in Sources */ = {isa = PBXBuildFile; fileRef = 528DF3D1260396B000411F61 /* Person.cpp */; };
/* End PBXBuildFile section */

/* Begin PBXCopyFilesBuildPhase section */
		528DF3B426037B4100411F61 /* CopyFiles */ = {
			isa = PBXCopyFilesBuildPhase;
			buildActionMask = 2147483647;
			dstPath = /usr/share/man/man1/;
			dstSubfolderSpec = 0;
			files = (
			);
			runOnlyForDeploymentPostprocessing = 1;
		};
/* End PBXCopyFilesBuildPhase section */

/* Begin PBXFileReference section */
		5260E5842603AEA300885220 /* KeyGen.h */ = {isa = PBXFileReference; lastKnownFileType = sourcecode.c.h; path = KeyGen.h; sourceTree = "<group>"; };
		528DF3B626037B4100411F61 /* workingWithBSTs */ = {isa = PBXFileReference; explicitFileType = "compiled.mach-o.executable"; includeInIndex = 0; path = workingWithBSTs; sourceTree = BUILT_PRODUCTS_DIR; };
		528DF3B926037B4100411F61 /* main.cpp */ = {isa = PBXFileReference; lastKnownFileType = sourcecode.cpp.cpp; path = main.cpp; sourceTree = "<group>"; };
		528DF3C026037B5100411F61 /* Date.h */ = {isa = PBXFileReference; fileEncoding = 4; lastKnownFileType = sourcecode.c.h; path = Date.h; sourceTree = "<group>"; };
		528DF3C126037B5200411F61 /* BST.h */ = {isa = PBXFileReference; fileEncoding = 4; lastKnownFileType = sourcecode.c.h; path = BST.h; sourceTree = "<group>"; };
		528DF3C226037B5200411F61 /* Date.cpp */ = {isa = PBXFileReference; fileEncoding = 4; lastKnownFileType = sourcecode.cpp.cpp; path = Date.cpp; sourceTree = "<group>"; };
		528DF3C52603814100411F61 /* Processors.h */ = {isa = PBXFileReference; lastKnownFileType = sourcecode.c.h; path = Processors.h; sourceTree = "<group>"; };
		528DF3C82603830200411F61 /* Dependencies.h */ = {isa = PBXFileReference; lastKnownFileType = sourcecode.c.h; path = Dependencies.h; sourceTree = "<group>"; };
		528DF3CF260389FD00411F61 /* Wrapper.h */ = {isa = PBXFileReference; lastKnownFileType = sourcecode.c.h; path = Wrapper.h; sourceTree = "<group>"; };
		528DF3D1260396B000411F61 /* Person.cpp */ = {isa = PBXFileReference; lastKnownFileType = sourcecode.cpp.cpp; path = Person.cpp; sourceTree = "<group>"; };
		528DF3D2260396B000411F61 /* Person.h */ = {isa = PBXFileReference; lastKnownFileType = sourcecode.c.h; path = Person.h; sourceTree = "<group>"; };
/* End PBXFileReference section */

/* Begin PBXFrameworksBuildPhase section */
		528DF3B326037B4100411F61 /* Frameworks */ = {
			isa = PBXFrameworksBuildPhase;
			buildActionMask = 2147483647;
			files = (
			);
			runOnlyForDeploymentPostprocessing = 0;
		};
/* End PBXFrameworksBuildPhase section */

/* Begin PBXGroup section */
		528DF3AD26037B4100411F61 = {
			isa = PBXGroup;
			children = (
				528DF3B826037B4100411F61 /* workingWithBSTs */,
				528DF3B726037B4100411F61 /* Products */,
			);
			sourceTree = "<group>";
		};
		528DF3B726037B4100411F61 /* Products */ = {
			isa = PBXGroup;
			children = (
				528DF3B626037B4100411F61 /* workingWithBSTs */,
			);
			name = Products;
			sourceTree = "<group>";
		};
		528DF3B826037B4100411F61 /* workingWithBSTs */ = {
			isa = PBXGroup;
			children = (
				528DF3B926037B4100411F61 /* main.cpp */,
				528DF3CC260385B400411F61 /* Dependencies */,
				528DF3CB260384D300411F61 /* Processors */,
				528DF3CA2603848A00411F61 /* Classes */,
			);
			path = workingWithBSTs;
			sourceTree = "<group>";
		};
		528DF3CA2603848A00411F61 /* Classes */ = {
			isa = PBXGroup;
			children = (
				528DF3CF260389FD00411F61 /* Wrapper.h */,
				528DF3C026037B5100411F61 /* Date.h */,
				528DF3C226037B5200411F61 /* Date.cpp */,
				528DF3D2260396B000411F61 /* Person.h */,
				528DF3D1260396B000411F61 /* Person.cpp */,
				528DF3C126037B5200411F61 /* BST.h */,
			);
			path = Classes;
			sourceTree = "<group>";
		};
		528DF3CB260384D300411F61 /* Processors */ = {
			isa = PBXGroup;
			children = (
				528DF3C52603814100411F61 /* Processors.h */,
				5260E5842603AEA300885220 /* KeyGen.h */,
			);
			path = Processors;
			sourceTree = "<group>";
		};
		528DF3CC260385B400411F61 /* Dependencies */ = {
			isa = PBXGroup;
			children = (
				528DF3C82603830200411F61 /* Dependencies.h */,
			);
			path = Dependencies;
			sourceTree = "<group>";
		};
/* End PBXGroup section */

/* Begin PBXNativeTarget section */
		528DF3B526037B4100411F61 /* workingWithBSTs */ = {
			isa = PBXNativeTarget;
			buildConfigurationList = 528DF3BD26037B4100411F61 /* Build configuration list for PBXNativeTarget "workingWithBSTs" */;
			buildPhases = (
				528DF3B226037B4100411F61 /* Sources */,
				528DF3B326037B4100411F61 /* Frameworks */,
				528DF3B426037B4100411F61 /* CopyFiles */,
			);
			buildRules = (
			);
			dependencies = (
			);
			name = workingWithBSTs;
			productName = workingWithBSTs;
			productReference = 528DF3B626037B4100411F61 /* workingWithBSTs */;
			productType = "com.apple.product-type.tool";
		};
/* End PBXNativeTarget section */

/* Begin PBXProject section */
		528DF3AE26037B4100411F61 /* Project object */ = {
			isa = PBXProject;
			attributes = {
				LastUpgradeCheck = 1130;
				ORGANIZATIONNAME = "Glenn Lum";
				TargetAttributes = {
					528DF3B526037B4100411F61 = {
						CreatedOnToolsVersion = 11.3.1;
					};
				};
			};
			buildConfigurationList = 528DF3B126037B4100411F61 /* Build configuration list for PBXProject "workingWithBSTs" */;
			compatibilityVersion = "Xcode 9.3";
			developmentRegion = en;
			hasScannedForEncodings = 0;
			knownRegions = (
				en,
				Base,
			);
			mainGroup = 528DF3AD26037B4100411F61;
			productRefGroup = 528DF3B726037B4100411F61 /* Products */;
			projectDirPath = "";
			projectRoot = "";
			targets = (
				528DF3B526037B4100411F61 /* workingWithBSTs */,
			);
		};
/* End PBXProject section */

/* Begin PBXSourcesBuildPhase section */
		528DF3B226037B4100411F61 /* Sources */ = {
			isa = PBXSourcesBuildPhase;
			buildActionMask = 2147483647;
			files = (
				528DF3BA26037B4100411F61 /* main.cpp in Sources */,
				528DF3D3260396B000411F61 /* Person.cpp in Sources */,
				528DF3C326037B5200411F61 /* Date.cpp in Sources */,
			);
			runOnlyForDeploymentPostprocessing = 0;
		};
/* End PBXSourcesBuildPhase section */

/* Begin XCBuildConfiguration section */
		528DF3BB26037B4100411F61 /* Debug */ = {
			isa = XCBuildConfiguration;
			buildSettings = {
				ALWAYS_SEARCH_USER_PATHS = NO;
				CLANG_ANALYZER_NONNULL = YES;
				CLANG_ANALYZER_NUMBER_OBJECT_CONVERSION = YES_AGGRESSIVE;
				CLANG_CXX_LANGUAGE_STANDARD = "gnu++14";
				CLANG_CXX_LIBRARY = "libc++";
				CLANG_ENABLE_MODULES = YES;
				CLANG_ENABLE_OBJC_ARC = YES;
				CLANG_ENABLE_OBJC_WEAK = YES;
				CLANG_WARN_BLOCK_CAPTURE_AUTORELEASING = YES;
				CLANG_WARN_BOOL_CONVERSION = YES;
				CLANG_WARN_COMMA = YES;
				CLANG_WARN_CONSTANT_CONVERSION = YES;
				CLANG_WARN_DEPRECATED_OBJC_IMPLEMENTATIONS = YES;
				CLANG_WARN_DIRECT_OBJC_ISA_USAGE = YES_ERROR;
				CLANG_WARN_DOCUMENTATION_COMMENTS = YES;
				CLANG_WARN_EMPTY_BODY = YES;
				CLANG_WARN_ENUM_CONVERSION = YES;
				CLANG_WARN_INFINITE_RECURSION = YES;
				CLANG_WARN_INT_CONVERSION = YES;
				CLANG_WARN_NON_LITERAL_NULL_CONVERSION = YES;
				CLANG_WARN_OBJC_IMPLICIT_RETAIN_SELF = YES;
				CLANG_WARN_OBJC_LITERAL_CONVERSION = YES;
				CLANG_WARN_OBJC_ROOT_CLASS = YES_ERROR;
				CLANG_WARN_RANGE_LOOP_ANALYSIS = YES;
				CLANG_WARN_STRICT_PROTOTYPES = YES;
				CLANG_WARN_SUSPICIOUS_MOVE = YES;
				CLANG_WARN_UNGUARDED_AVAILABILITY = YES_AGGRESSIVE;
				CLANG_WARN_UNREACHABLE_CODE = YES;
				CLANG_WARN__DUPLICATE_METHOD_MATCH = YES;
				COPY_PHASE_STRIP = NO;
				DEBUG_INFORMATION_FORMAT = dwarf;
				ENABLE_STRICT_OBJC_MSGSEND = YES;
				ENABLE_TESTABILITY = YES;
				GCC_C_LANGUAGE_STANDARD = gnu11;
				GCC_DYNAMIC_NO_PIC = NO;
				GCC_NO_COMMON_BLOCKS = YES;
				GCC_OPTIMIZATION_LEVEL = 0;
				GCC_PREPROCESSOR_DEFINITIONS = (
					"DEBUG=1",
					"$(inherited)",
				);
				GCC_WARN_64_TO_32_BIT_CONVERSION = YES;
				GCC_WARN_ABOUT_RETURN_TYPE = YES_ERROR;
				GCC_WARN_UNDECLARED_SELECTOR = YES;
				GCC_WARN_UNINITIALIZED_AUTOS = YES_AGGRESSIVE;
				GCC_WARN_UNUSED_FUNCTION = YES;
				GCC_WARN_UNUSED_VARIABLE = YES;
				MACOSX_DEPLOYMENT_TARGET = 10.14;
				MTL_ENABLE_DEBUG_INFO = INCLUDE_SOURCE;
				MTL_FAST_MATH = YES;
				ONLY_ACTIVE_ARCH = YES;
				SDKROOT = macosx;
			};
			name = Debug;
		};
		528DF3BC26037B4100411F61 /* Release */ = {
			isa = XCBuildConfiguration;
			buildSettings = {
				ALWAYS_SEARCH_USER_PATHS = NO;
				CLANG_ANALYZER_NONNULL = YES;
				CLANG_ANALYZER_NUMBER_OBJECT_CONVERSION = YES_AGGRESSIVE;
				CLANG_CXX_LANGUAGE_STANDARD = "gnu++14";
				CLANG_CXX_LIBRARY = "libc++";
				CLANG_ENABLE_MODULES = YES;
				CLANG_ENABLE_OBJC_ARC = YES;
				CLANG_ENABLE_OBJC_WEAK = YES;
				CLANG_WARN_BLOCK_CAPTURE_AUTORELEASING = YES;
				CLANG_WARN_BOOL_CONVERSION = YES;
				CLANG_WARN_COMMA = YES;
				CLANG_WARN_CONSTANT_CONVERSION = YES;
				CLANG_WARN_DEPRECATED_OBJC_IMPLEMENTATIONS = YES;
				CLANG_WARN_DIRECT_OBJC_ISA_USAGE = YES_ERROR;
				CLANG_WARN_DOCUMENTATION_COMMENTS = YES;
				CLANG_WARN_EMPTY_BODY = YES;
				CLANG_WARN_ENUM_CONVERSION = YES;
				CLANG_WARN_INFINITE_RECURSION = YES;
				CLANG_WARN_INT_CONVERSION = YES;
				CLANG_WARN_NON_LITERAL_NULL_CONVERSION = YES;
				CLANG_WARN_OBJC_IMPLICIT_RETAIN_SELF = YES;
				CLANG_WARN_OBJC_LITERAL_CONVERSION = YES;
				CLANG_WARN_OBJC_ROOT_CLASS = YES_ERROR;
				CLANG_WARN_RANGE_LOOP_ANALYSIS = YES;
				CLANG_WARN_STRICT_PROTOTYPES = YES;
				CLANG_WARN_SUSPICIOUS_MOVE = YES;
				CLANG_WARN_UNGUARDED_AVAILABILITY = YES_AGGRESSIVE;
				CLANG_WARN_UNREACHABLE_CODE = YES;
				CLANG_WARN__DUPLICATE_METHOD_MATCH = YES;
				COPY_PHASE_STRIP = NO;
				DEBUG_INFORMATION_FORMAT = "dwarf-with-dsym";
				ENABLE_NS_ASSERTIONS = NO;
				ENABLE_STRICT_OBJC_MSGSEND = YES;
				GCC_C_LANGUAGE_STANDARD = gnu11;
				GCC_NO_COMMON_BLOCKS = YES;
				GCC_WARN_64_TO_32_BIT_CONVERSION = YES;
				GCC_WARN_ABOUT_RETURN_TYPE = YES_ERROR;
				GCC_WARN_UNDECLARED_SELECTOR = YES;
				GCC_WARN_UNINITIALIZED_AUTOS = YES_AGGRESSIVE;
				GCC_WARN_UNUSED_FUNCTION = YES;
				GCC_WARN_UNUSED_VARIABLE = YES;
				MACOSX_DEPLOYMENT_TARGET = 10.14;
				MTL_ENABLE_DEBUG_INFO = NO;
				MTL_FAST_MATH = YES;
				SDKROOT = macosx;
			};
			name = Release;
		};
		528DF3BE26037B4100411F61 /* Debug */ = {
			isa = XCBuildConfiguration;
			buildSettings = {
				CODE_SIGN_STYLE = Automatic;
				PRODUCT_NAME = "$(TARGET_NAME)";
			};
			name = Debug;
		};
		528DF3BF26037B4100411F61 /* Release */ = {
			isa = XCBuildConfiguration;
			buildSettings = {
				CODE_SIGN_STYLE = Automatic;
				PRODUCT_NAME = "$(TARGET_NAME)";
			};
			name = Release;
		};
/* End XCBuildConfiguration section */

/* Begin XCConfigurationList section */
		528DF3B126037B4100411F61 /* Build configuration list for PBXProject "workingWithBSTs" */ = {
			isa = XCConfigurationList;
			buildConfigurations = (
				528DF3BB26037B4100411F61 /* Debug */,
				528DF3BC26037B4100411F61 /* Release */,
			);
			defaultConfigurationIsVisible = 0;
			defaultConfigurationName = Release;
		};
		528DF3BD26037B4100411F61 /* Build configuration list for PBXNativeTarget "workingWithBSTs" */ = {
			isa = XCConfigurationList;
			buildConfigurations = (
				528DF3BE26037B4100411F61 /* Debug */,
				528DF3BF26037B4100411F61 /* Release */,
			);
			defaultConfigurationIsVisible = 0;
			defaultConfigurationName = Release;
		};
/* End XCConfigurationList section */
	};
	rootObject = 528DF3AE26037B4100411F61 /* Project object */;
}
